// !$*UTF8*$!
{
	archiveVersion = 1;
	classes = {
	};
	objectVersion = 46;
	objects = {

/* Begin PBXBuildFile section */
		661A96141F73B5020044DE9B /* CloudManager.swift in Sources */ = {isa = PBXBuildFile; fileRef = 661A96131F73B5020044DE9B /* CloudManager.swift */; };
		661C07341F6D7BF500D04CBD /* Utils.swift in Sources */ = {isa = PBXBuildFile; fileRef = 661C07331F6D7BF500D04CBD /* Utils.swift */; };
		661C07361F6E786000D04CBD /* PhraseBookListViewController.swift in Sources */ = {isa = PBXBuildFile; fileRef = 661C07351F6E786000D04CBD /* PhraseBookListViewController.swift */; };
		661C07381F6E7D7400D04CBD /* PhraseBookTableViewCell.swift in Sources */ = {isa = PBXBuildFile; fileRef = 661C07371F6E7D7400D04CBD /* PhraseBookTableViewCell.swift */; };
		664848BD1F682ABB00F5BD7D /* CreatePhraseBookViewController.swift in Sources */ = {isa = PBXBuildFile; fileRef = 664848BC1F682ABB00F5BD7D /* CreatePhraseBookViewController.swift */; };
		665ED69F1F6D2FC6001DAE94 /* PersistenceHelper.swift in Sources */ = {isa = PBXBuildFile; fileRef = 665ED69E1F6D2FC6001DAE94 /* PersistenceHelper.swift */; };
		666EE0251F641ED400F8CE8D /* PhraseBook.swift in Sources */ = {isa = PBXBuildFile; fileRef = 666EE0241F641ED400F8CE8D /* PhraseBook.swift */; };
		6671D4581F555E6100BE86BE /* AppDelegate.swift in Sources */ = {isa = PBXBuildFile; fileRef = 6671D4571F555E6100BE86BE /* AppDelegate.swift */; };
		6671D45D1F555E6100BE86BE /* Main.storyboard in Resources */ = {isa = PBXBuildFile; fileRef = 6671D45B1F555E6100BE86BE /* Main.storyboard */; };
		6671D45F1F555E6100BE86BE /* Assets.xcassets in Resources */ = {isa = PBXBuildFile; fileRef = 6671D45E1F555E6100BE86BE /* Assets.xcassets */; };
		6671D4621F555E6100BE86BE /* LaunchScreen.storyboard in Resources */ = {isa = PBXBuildFile; fileRef = 6671D4601F555E6100BE86BE /* LaunchScreen.storyboard */; };
		6671D46D1F555E6200BE86BE /* MyPhraseBookTests.swift in Sources */ = {isa = PBXBuildFile; fileRef = 6671D46C1F555E6200BE86BE /* MyPhraseBookTests.swift */; };
		6671D47A1F56AB4400BE86BE /* TranslationTableViewCell.swift in Sources */ = {isa = PBXBuildFile; fileRef = 6671D4791F56AB4400BE86BE /* TranslationTableViewCell.swift */; };
		6671D47E1F580B3000BE86BE /* TranslationTableViewController.swift in Sources */ = {isa = PBXBuildFile; fileRef = 6671D47D1F580B3000BE86BE /* TranslationTableViewController.swift */; };
		6671D4801F5983D800BE86BE /* Translation.swift in Sources */ = {isa = PBXBuildFile; fileRef = 6671D47F1F5983D800BE86BE /* Translation.swift */; };
		6671D4821F5AB10600BE86BE /* TranslationViewController.swift in Sources */ = {isa = PBXBuildFile; fileRef = 6671D4811F5AB10600BE86BE /* TranslationViewController.swift */; };
		6671D4841F5FD91B00BE86BE /* TableViewHelper.swift in Sources */ = {isa = PBXBuildFile; fileRef = 6671D4831F5FD91B00BE86BE /* TableViewHelper.swift */; };
		66A74DD31F96649500B062D1 /* TestOutPageViewController.swift in Sources */ = {isa = PBXBuildFile; fileRef = 66A74DD21F96649500B062D1 /* TestOutPageViewController.swift */; };
		66A74DD51F96662100B062D1 /* TestOutCardViewController.swift in Sources */ = {isa = PBXBuildFile; fileRef = 66A74DD41F96662100B062D1 /* TestOutCardViewController.swift */; };
		66B3EA091FC33156007C9BA0 /* SecretKeysHelper.swift in Sources */ = {isa = PBXBuildFile; fileRef = 66B3EA081FC33156007C9BA0 /* SecretKeysHelper.swift */; };
		66F2AB1E1F8B895F0064AE29 /* UIColor+CustomColor.swift in Sources */ = {isa = PBXBuildFile; fileRef = 66F2AB1D1F8B895F0064AE29 /* UIColor+CustomColor.swift */; };
		66F2AB211F8BA0940064AE29 /* Localizable.strings in Resources */ = {isa = PBXBuildFile; fileRef = 66F2AB231F8BA0940064AE29 /* Localizable.strings */; };
		66FCB8081F9FB39C00BEE2E5 /* Array+Random.swift in Sources */ = {isa = PBXBuildFile; fileRef = 66FCB8071F9FB39C00BEE2E5 /* Array+Random.swift */; };
		748C9506D20E0C99E7B618FF /* Pods_MyPhraseBookTests.framework in Frameworks */ = {isa = PBXBuildFile; fileRef = 064A15A073B4D7BAC3780AB4 /* Pods_MyPhraseBookTests.framework */; };
		90217C1530FDB44BBCFB8061 /* Pods_MyPhraseBook.framework in Frameworks */ = {isa = PBXBuildFile; fileRef = 219BF36D3B601A24168B50D8 /* Pods_MyPhraseBook.framework */; };
/* End PBXBuildFile section */

/* Begin PBXContainerItemProxy section */
		6671D4691F555E6200BE86BE /* PBXContainerItemProxy */ = {
			isa = PBXContainerItemProxy;
			containerPortal = 6671D44C1F555E6100BE86BE /* Project object */;
			proxyType = 1;
			remoteGlobalIDString = 6671D4531F555E6100BE86BE;
			remoteInfo = MyVocabularyNotebook;
		};
/* End PBXContainerItemProxy section */

/* Begin PBXFileReference section */
		064A15A073B4D7BAC3780AB4 /* Pods_MyPhraseBookTests.framework */ = {isa = PBXFileReference; explicitFileType = wrapper.framework; includeInIndex = 0; path = Pods_MyPhraseBookTests.framework; sourceTree = BUILT_PRODUCTS_DIR; };
		219BF36D3B601A24168B50D8 /* Pods_MyPhraseBook.framework */ = {isa = PBXFileReference; explicitFileType = wrapper.framework; includeInIndex = 0; path = Pods_MyPhraseBook.framework; sourceTree = BUILT_PRODUCTS_DIR; };
		24A3FCDD63754C4F7A772D9D /* Pods-MyPhraseBook.debug.xcconfig */ = {isa = PBXFileReference; includeInIndex = 1; lastKnownFileType = text.xcconfig; name = "Pods-MyPhraseBook.debug.xcconfig"; path = "Pods/Target Support Files/Pods-MyPhraseBook/Pods-MyPhraseBook.debug.xcconfig"; sourceTree = "<group>"; };
		60E3F019FE79482897784583 /* Pods-MyPhraseBookTests.debug.xcconfig */ = {isa = PBXFileReference; includeInIndex = 1; lastKnownFileType = text.xcconfig; name = "Pods-MyPhraseBookTests.debug.xcconfig"; path = "Pods/Target Support Files/Pods-MyPhraseBookTests/Pods-MyPhraseBookTests.debug.xcconfig"; sourceTree = "<group>"; };
		661A96131F73B5020044DE9B /* CloudManager.swift */ = {isa = PBXFileReference; lastKnownFileType = sourcecode.swift; path = CloudManager.swift; sourceTree = "<group>"; };
		661C07331F6D7BF500D04CBD /* Utils.swift */ = {isa = PBXFileReference; lastKnownFileType = sourcecode.swift; path = Utils.swift; sourceTree = "<group>"; };
		661C07351F6E786000D04CBD /* PhraseBookListViewController.swift */ = {isa = PBXFileReference; lastKnownFileType = sourcecode.swift; path = PhraseBookListViewController.swift; sourceTree = "<group>"; };
		661C07371F6E7D7400D04CBD /* PhraseBookTableViewCell.swift */ = {isa = PBXFileReference; lastKnownFileType = sourcecode.swift; path = PhraseBookTableViewCell.swift; sourceTree = "<group>"; };
		664848BC1F682ABB00F5BD7D /* CreatePhraseBookViewController.swift */ = {isa = PBXFileReference; fileEncoding = 4; lastKnownFileType = sourcecode.swift; path = CreatePhraseBookViewController.swift; sourceTree = "<group>"; };
		665ED69E1F6D2FC6001DAE94 /* PersistenceHelper.swift */ = {isa = PBXFileReference; fileEncoding = 4; lastKnownFileType = sourcecode.swift; path = PersistenceHelper.swift; sourceTree = "<group>"; };
		666EE0241F641ED400F8CE8D /* PhraseBook.swift */ = {isa = PBXFileReference; fileEncoding = 4; lastKnownFileType = sourcecode.swift; path = PhraseBook.swift; sourceTree = "<group>"; };
		6671D4541F555E6100BE86BE /* MyPhraseBook.app */ = {isa = PBXFileReference; explicitFileType = wrapper.application; includeInIndex = 0; path = MyPhraseBook.app; sourceTree = BUILT_PRODUCTS_DIR; };
		6671D4571F555E6100BE86BE /* AppDelegate.swift */ = {isa = PBXFileReference; lastKnownFileType = sourcecode.swift; path = AppDelegate.swift; sourceTree = "<group>"; };
		6671D45C1F555E6100BE86BE /* Base */ = {isa = PBXFileReference; lastKnownFileType = file.storyboard; name = Base; path = Base.lproj/Main.storyboard; sourceTree = "<group>"; };
		6671D45E1F555E6100BE86BE /* Assets.xcassets */ = {isa = PBXFileReference; lastKnownFileType = folder.assetcatalog; path = Assets.xcassets; sourceTree = "<group>"; };
		6671D4611F555E6100BE86BE /* Base */ = {isa = PBXFileReference; lastKnownFileType = file.storyboard; name = Base; path = Base.lproj/LaunchScreen.storyboard; sourceTree = "<group>"; };
		6671D4631F555E6100BE86BE /* Info.plist */ = {isa = PBXFileReference; lastKnownFileType = text.plist.xml; path = Info.plist; sourceTree = "<group>"; };
		6671D4681F555E6200BE86BE /* MyPhraseBookTests.xctest */ = {isa = PBXFileReference; explicitFileType = wrapper.cfbundle; includeInIndex = 0; path = MyPhraseBookTests.xctest; sourceTree = BUILT_PRODUCTS_DIR; };
		6671D46C1F555E6200BE86BE /* MyPhraseBookTests.swift */ = {isa = PBXFileReference; lastKnownFileType = sourcecode.swift; path = MyPhraseBookTests.swift; sourceTree = "<group>"; };
		6671D46E1F555E6200BE86BE /* Info.plist */ = {isa = PBXFileReference; lastKnownFileType = text.plist.xml; path = Info.plist; sourceTree = "<group>"; };
		6671D4781F55771E00BE86BE /* hu */ = {isa = PBXFileReference; lastKnownFileType = text.plist.strings; name = hu; path = hu.lproj/LaunchScreen.strings; sourceTree = "<group>"; };
		6671D4791F56AB4400BE86BE /* TranslationTableViewCell.swift */ = {isa = PBXFileReference; fileEncoding = 4; lastKnownFileType = sourcecode.swift; path = TranslationTableViewCell.swift; sourceTree = "<group>"; };
		6671D47D1F580B3000BE86BE /* TranslationTableViewController.swift */ = {isa = PBXFileReference; fileEncoding = 4; lastKnownFileType = sourcecode.swift; path = TranslationTableViewController.swift; sourceTree = "<group>"; };
		6671D47F1F5983D800BE86BE /* Translation.swift */ = {isa = PBXFileReference; fileEncoding = 4; lastKnownFileType = sourcecode.swift; path = Translation.swift; sourceTree = "<group>"; };
		6671D4811F5AB10600BE86BE /* TranslationViewController.swift */ = {isa = PBXFileReference; fileEncoding = 4; lastKnownFileType = sourcecode.swift; path = TranslationViewController.swift; sourceTree = "<group>"; };
		6671D4831F5FD91B00BE86BE /* TableViewHelper.swift */ = {isa = PBXFileReference; fileEncoding = 4; lastKnownFileType = sourcecode.swift; path = TableViewHelper.swift; sourceTree = "<group>"; };
		66A74DD21F96649500B062D1 /* TestOutPageViewController.swift */ = {isa = PBXFileReference; lastKnownFileType = sourcecode.swift; path = TestOutPageViewController.swift; sourceTree = "<group>"; };
		66A74DD41F96662100B062D1 /* TestOutCardViewController.swift */ = {isa = PBXFileReference; lastKnownFileType = sourcecode.swift; path = TestOutCardViewController.swift; sourceTree = "<group>"; };
		66B3EA081FC33156007C9BA0 /* SecretKeysHelper.swift */ = {isa = PBXFileReference; lastKnownFileType = sourcecode.swift; path = SecretKeysHelper.swift; sourceTree = "<group>"; };
		66BEB98B1FBC381800AD33E4 /* en */ = {isa = PBXFileReference; lastKnownFileType = text.plist.strings; name = en; path = en.lproj/Main.strings; sourceTree = "<group>"; };
		66F2AB1D1F8B895F0064AE29 /* UIColor+CustomColor.swift */ = {isa = PBXFileReference; lastKnownFileType = sourcecode.swift; path = "UIColor+CustomColor.swift"; sourceTree = "<group>"; };
		66F2AB221F8BA0940064AE29 /* hu */ = {isa = PBXFileReference; lastKnownFileType = text.plist.strings; name = hu; path = hu.lproj/Localizable.strings; sourceTree = "<group>"; };
		66F2AB241F8BA0FB0064AE29 /* Base */ = {isa = PBXFileReference; lastKnownFileType = text.plist.strings; name = Base; path = Base.lproj/Localizable.strings; sourceTree = "<group>"; };
		66F2AB261F8BAAD90064AE29 /* hu */ = {isa = PBXFileReference; lastKnownFileType = text.plist.strings; name = hu; path = hu.lproj/Main.strings; sourceTree = "<group>"; };
		66FCB8071F9FB39C00BEE2E5 /* Array+Random.swift */ = {isa = PBXFileReference; lastKnownFileType = sourcecode.swift; path = "Array+Random.swift"; sourceTree = "<group>"; };
		6E1DC2736587EF4B9BEB51FC /* Pods-MyPhraseBookTests.release.xcconfig */ = {isa = PBXFileReference; includeInIndex = 1; lastKnownFileType = text.xcconfig; name = "Pods-MyPhraseBookTests.release.xcconfig"; path = "Pods/Target Support Files/Pods-MyPhraseBookTests/Pods-MyPhraseBookTests.release.xcconfig"; sourceTree = "<group>"; };
		8F1A1EFE243CB95A07AE542D /* Pods-MyPhraseBook.release.xcconfig */ = {isa = PBXFileReference; includeInIndex = 1; lastKnownFileType = text.xcconfig; name = "Pods-MyPhraseBook.release.xcconfig"; path = "Pods/Target Support Files/Pods-MyPhraseBook/Pods-MyPhraseBook.release.xcconfig"; sourceTree = "<group>"; };
/* End PBXFileReference section */

/* Begin PBXFrameworksBuildPhase section */
		6671D4511F555E6100BE86BE /* Frameworks */ = {
			isa = PBXFrameworksBuildPhase;
			buildActionMask = 2147483647;
			files = (
				90217C1530FDB44BBCFB8061 /* Pods_MyPhraseBook.framework in Frameworks */,
			);
			runOnlyForDeploymentPostprocessing = 0;
		};
		6671D4651F555E6200BE86BE /* Frameworks */ = {
			isa = PBXFrameworksBuildPhase;
			buildActionMask = 2147483647;
			files = (
				748C9506D20E0C99E7B618FF /* Pods_MyPhraseBookTests.framework in Frameworks */,
			);
			runOnlyForDeploymentPostprocessing = 0;
		};
/* End PBXFrameworksBuildPhase section */

/* Begin PBXGroup section */
		63501A2434904D35A85DAE5C /* Frameworks */ = {
			isa = PBXGroup;
			children = (
				219BF36D3B601A24168B50D8 /* Pods_MyPhraseBook.framework */,
				064A15A073B4D7BAC3780AB4 /* Pods_MyPhraseBookTests.framework */,
			);
			name = Frameworks;
			sourceTree = "<group>";
		};
		666EE0211F641B2700F8CE8D /* Model */ = {
			isa = PBXGroup;
			children = (
				6671D47F1F5983D800BE86BE /* Translation.swift */,
				666EE0241F641ED400F8CE8D /* PhraseBook.swift */,
			);
			name = Model;
			sourceTree = "<group>";
		};
		666EE0221F641B3000F8CE8D /* View */ = {
			isa = PBXGroup;
			children = (
				6671D4811F5AB10600BE86BE /* TranslationViewController.swift */,
				6671D4791F56AB4400BE86BE /* TranslationTableViewCell.swift */,
				6671D47D1F580B3000BE86BE /* TranslationTableViewController.swift */,
				664848BC1F682ABB00F5BD7D /* CreatePhraseBookViewController.swift */,
				661C07351F6E786000D04CBD /* PhraseBookListViewController.swift */,
				661C07371F6E7D7400D04CBD /* PhraseBookTableViewCell.swift */,
				66A74DD21F96649500B062D1 /* TestOutPageViewController.swift */,
				66A74DD41F96662100B062D1 /* TestOutCardViewController.swift */,
			);
			name = View;
			sourceTree = "<group>";
		};
		666EE0231F641B4400F8CE8D /* Misc */ = {
			isa = PBXGroup;
			children = (
				66B3EA071FC33116007C9BA0 /* SecretKeys */,
				66F2AB1C1F8B88B50064AE29 /* Extensions */,
				6671D4831F5FD91B00BE86BE /* TableViewHelper.swift */,
				665ED69E1F6D2FC6001DAE94 /* PersistenceHelper.swift */,
				661C07331F6D7BF500D04CBD /* Utils.swift */,
				661A96131F73B5020044DE9B /* CloudManager.swift */,
			);
			name = Misc;
			sourceTree = "<group>";
		};
		6671D44B1F555E6100BE86BE = {
			isa = PBXGroup;
			children = (
				6671D4561F555E6100BE86BE /* MyPhraseBook */,
				6671D46B1F555E6200BE86BE /* MyPhraseBookTests */,
				6671D4551F555E6100BE86BE /* Products */,
				DCF3C16B7D5B06BF593D2DCA /* Pods */,
				63501A2434904D35A85DAE5C /* Frameworks */,
			);
			sourceTree = "<group>";
		};
		6671D4551F555E6100BE86BE /* Products */ = {
			isa = PBXGroup;
			children = (
				6671D4541F555E6100BE86BE /* MyPhraseBook.app */,
				6671D4681F555E6200BE86BE /* MyPhraseBookTests.xctest */,
			);
			name = Products;
			sourceTree = "<group>";
		};
		6671D4561F555E6100BE86BE /* MyPhraseBook */ = {
			isa = PBXGroup;
			children = (
				666EE0231F641B4400F8CE8D /* Misc */,
				666EE0221F641B3000F8CE8D /* View */,
				666EE0211F641B2700F8CE8D /* Model */,
				6671D4571F555E6100BE86BE /* AppDelegate.swift */,
				6671D45B1F555E6100BE86BE /* Main.storyboard */,
				6671D45E1F555E6100BE86BE /* Assets.xcassets */,
				6671D4601F555E6100BE86BE /* LaunchScreen.storyboard */,
				6671D4631F555E6100BE86BE /* Info.plist */,
				66F2AB231F8BA0940064AE29 /* Localizable.strings */,
			);
			path = MyPhraseBook;
			sourceTree = "<group>";
		};
		6671D46B1F555E6200BE86BE /* MyPhraseBookTests */ = {
			isa = PBXGroup;
			children = (
				6671D46C1F555E6200BE86BE /* MyPhraseBookTests.swift */,
				6671D46E1F555E6200BE86BE /* Info.plist */,
			);
			path = MyPhraseBookTests;
			sourceTree = "<group>";
		};
		66B3EA071FC33116007C9BA0 /* SecretKeys */ = {
			isa = PBXGroup;
			children = (
				66B3EA081FC33156007C9BA0 /* SecretKeysHelper.swift */,
			);
			name = SecretKeys;
			sourceTree = "<group>";
		};
		66F2AB1C1F8B88B50064AE29 /* Extensions */ = {
			isa = PBXGroup;
			children = (
				66F2AB1D1F8B895F0064AE29 /* UIColor+CustomColor.swift */,
				66FCB8071F9FB39C00BEE2E5 /* Array+Random.swift */,
			);
			name = Extensions;
			sourceTree = "<group>";
		};
		DCF3C16B7D5B06BF593D2DCA /* Pods */ = {
			isa = PBXGroup;
			children = (
				24A3FCDD63754C4F7A772D9D /* Pods-MyPhraseBook.debug.xcconfig */,
				8F1A1EFE243CB95A07AE542D /* Pods-MyPhraseBook.release.xcconfig */,
				60E3F019FE79482897784583 /* Pods-MyPhraseBookTests.debug.xcconfig */,
				6E1DC2736587EF4B9BEB51FC /* Pods-MyPhraseBookTests.release.xcconfig */,
			);
			name = Pods;
			sourceTree = "<group>";
		};
/* End PBXGroup section */

/* Begin PBXNativeTarget section */
		6671D4531F555E6100BE86BE /* MyPhraseBook */ = {
			isa = PBXNativeTarget;
			buildConfigurationList = 6671D4711F555E6200BE86BE /* Build configuration list for PBXNativeTarget "MyPhraseBook" */;
			buildPhases = (
				17E34B5CB0EBCC33ADEC1AFA /* [CP] Check Pods Manifest.lock */,
				6671D4501F555E6100BE86BE /* Sources */,
				6671D4511F555E6100BE86BE /* Frameworks */,
				6671D4521F555E6100BE86BE /* Resources */,
				E14ADCED00B254684C3835F1 /* [CP] Embed Pods Frameworks */,
				2893B13D5D390CA6E0E676C0 /* [CP] Copy Pods Resources */,
			);
			buildRules = (
			);
			dependencies = (
			);
			name = MyPhraseBook;
			productName = MyVocabularyNotebook;
			productReference = 6671D4541F555E6100BE86BE /* MyPhraseBook.app */;
			productType = "com.apple.product-type.application";
		};
		6671D4671F555E6200BE86BE /* MyPhraseBookTests */ = {
			isa = PBXNativeTarget;
			buildConfigurationList = 6671D4741F555E6200BE86BE /* Build configuration list for PBXNativeTarget "MyPhraseBookTests" */;
			buildPhases = (
				FAAF1E9D9818134F1BA5698C /* [CP] Check Pods Manifest.lock */,
				6671D4641F555E6200BE86BE /* Sources */,
				6671D4651F555E6200BE86BE /* Frameworks */,
				6671D4661F555E6200BE86BE /* Resources */,
				7E33836E73AFBBD828FEA6F8 /* [CP] Embed Pods Frameworks */,
				89356887810B10E69CED62C6 /* [CP] Copy Pods Resources */,
			);
			buildRules = (
			);
			dependencies = (
				6671D46A1F555E6200BE86BE /* PBXTargetDependency */,
			);
			name = MyPhraseBookTests;
			productName = MyVocabularyNotebookTests;
			productReference = 6671D4681F555E6200BE86BE /* MyPhraseBookTests.xctest */;
			productType = "com.apple.product-type.bundle.unit-test";
		};
/* End PBXNativeTarget section */

/* Begin PBXProject section */
		6671D44C1F555E6100BE86BE /* Project object */ = {
			isa = PBXProject;
			attributes = {
				LastSwiftUpdateCheck = 0830;
				LastUpgradeCheck = 0900;
				ORGANIZATIONNAME = Adam;
				TargetAttributes = {
					6671D4531F555E6100BE86BE = {
						CreatedOnToolsVersion = 8.3.3;
						DevelopmentTeam = GE78767PWY;
						LastSwiftMigration = 0900;
						ProvisioningStyle = Automatic;
					};
					6671D4671F555E6200BE86BE = {
						CreatedOnToolsVersion = 8.3.3;
						LastSwiftMigration = 0900;
						ProvisioningStyle = Automatic;
						TestTargetID = 6671D4531F555E6100BE86BE;
					};
				};
			};
			buildConfigurationList = 6671D44F1F555E6100BE86BE /* Build configuration list for PBXProject "MyPhraseBook" */;
			compatibilityVersion = "Xcode 3.2";
			developmentRegion = English;
			hasScannedForEncodings = 0;
			knownRegions = (
				en,
				Base,
			);
			mainGroup = 6671D44B1F555E6100BE86BE;
			productRefGroup = 6671D4551F555E6100BE86BE /* Products */;
			projectDirPath = "";
			projectRoot = "";
			targets = (
				6671D4531F555E6100BE86BE /* MyPhraseBook */,
				6671D4671F555E6200BE86BE /* MyPhraseBookTests */,
			);
		};
/* End PBXProject section */

/* Begin PBXResourcesBuildPhase section */
		6671D4521F555E6100BE86BE /* Resources */ = {
			isa = PBXResourcesBuildPhase;
			buildActionMask = 2147483647;
			files = (
				6671D4621F555E6100BE86BE /* LaunchScreen.storyboard in Resources */,
				66F2AB211F8BA0940064AE29 /* Localizable.strings in Resources */,
				6671D45F1F555E6100BE86BE /* Assets.xcassets in Resources */,
				6671D45D1F555E6100BE86BE /* Main.storyboard in Resources */,
			);
			runOnlyForDeploymentPostprocessing = 0;
		};
		6671D4661F555E6200BE86BE /* Resources */ = {
			isa = PBXResourcesBuildPhase;
			buildActionMask = 2147483647;
			files = (
			);
			runOnlyForDeploymentPostprocessing = 0;
		};
/* End PBXResourcesBuildPhase section */

/* Begin PBXShellScriptBuildPhase section */
		17E34B5CB0EBCC33ADEC1AFA /* [CP] Check Pods Manifest.lock */ = {
			isa = PBXShellScriptBuildPhase;
			buildActionMask = 2147483647;
			files = (
			);
			inputPaths = (
				"${PODS_PODFILE_DIR_PATH}/Podfile.lock",
				"${PODS_ROOT}/Manifest.lock",
			);
			name = "[CP] Check Pods Manifest.lock";
			outputPaths = (
				"$(DERIVED_FILE_DIR)/Pods-MyPhraseBook-checkManifestLockResult.txt",
			);
			runOnlyForDeploymentPostprocessing = 0;
			shellPath = /bin/sh;
			shellScript = "diff \"${PODS_PODFILE_DIR_PATH}/Podfile.lock\" \"${PODS_ROOT}/Manifest.lock\" > /dev/null\nif [ $? != 0 ] ; then\n    # print error to STDERR\n    echo \"error: The sandbox is not in sync with the Podfile.lock. Run 'pod install' or update your CocoaPods installation.\" >&2\n    exit 1\nfi\n# This output is used by Xcode 'outputs' to avoid re-running this script phase.\necho \"SUCCESS\" > \"${SCRIPT_OUTPUT_FILE_0}\"\n";
			showEnvVarsInLog = 0;
		};
		2893B13D5D390CA6E0E676C0 /* [CP] Copy Pods Resources */ = {
			isa = PBXShellScriptBuildPhase;
			buildActionMask = 2147483647;
			files = (
			);
			inputPaths = (
			);
			name = "[CP] Copy Pods Resources";
			outputPaths = (
			);
			runOnlyForDeploymentPostprocessing = 0;
			shellPath = /bin/sh;
			shellScript = "\"${SRCROOT}/Pods/Target Support Files/Pods-MyPhraseBook/Pods-MyPhraseBook-resources.sh\"\n";
			showEnvVarsInLog = 0;
		};
		7E33836E73AFBBD828FEA6F8 /* [CP] Embed Pods Frameworks */ = {
			isa = PBXShellScriptBuildPhase;
			buildActionMask = 2147483647;
			files = (
			);
			inputPaths = (
			);
			name = "[CP] Embed Pods Frameworks";
			outputPaths = (
			);
			runOnlyForDeploymentPostprocessing = 0;
			shellPath = /bin/sh;
			shellScript = "\"${SRCROOT}/Pods/Target Support Files/Pods-MyPhraseBookTests/Pods-MyPhraseBookTests-frameworks.sh\"\n";
			showEnvVarsInLog = 0;
		};
		89356887810B10E69CED62C6 /* [CP] Copy Pods Resources */ = {
			isa = PBXShellScriptBuildPhase;
			buildActionMask = 2147483647;
			files = (
			);
			inputPaths = (
			);
			name = "[CP] Copy Pods Resources";
			outputPaths = (
			);
			runOnlyForDeploymentPostprocessing = 0;
			shellPath = /bin/sh;
			shellScript = "\"${SRCROOT}/Pods/Target Support Files/Pods-MyPhraseBookTests/Pods-MyPhraseBookTests-resources.sh\"\n";
			showEnvVarsInLog = 0;
		};
		E14ADCED00B254684C3835F1 /* [CP] Embed Pods Frameworks */ = {
			isa = PBXShellScriptBuildPhase;
			buildActionMask = 2147483647;
			files = (
			);
			inputPaths = (
				"${SRCROOT}/Pods/Target Support Files/Pods-MyPhraseBook/Pods-MyPhraseBook-frameworks.sh",
				"${BUILT_PRODUCTS_DIR}/ROGoogleTranslate/ROGoogleTranslate.framework",
			);
			name = "[CP] Embed Pods Frameworks";
			outputPaths = (
				"${TARGET_BUILD_DIR}/${FRAMEWORKS_FOLDER_PATH}/ROGoogleTranslate.framework",
			);
			runOnlyForDeploymentPostprocessing = 0;
			shellPath = /bin/sh;
			shellScript = "\"${SRCROOT}/Pods/Target Support Files/Pods-MyPhraseBook/Pods-MyPhraseBook-frameworks.sh\"\n";
			showEnvVarsInLog = 0;
		};
		FAAF1E9D9818134F1BA5698C /* [CP] Check Pods Manifest.lock */ = {
			isa = PBXShellScriptBuildPhase;
			buildActionMask = 2147483647;
			files = (
			);
			inputPaths = (
				"${PODS_PODFILE_DIR_PATH}/Podfile.lock",
				"${PODS_ROOT}/Manifest.lock",
			);
			name = "[CP] Check Pods Manifest.lock";
			outputPaths = (
				"$(DERIVED_FILE_DIR)/Pods-MyPhraseBookTests-checkManifestLockResult.txt",
			);
			runOnlyForDeploymentPostprocessing = 0;
			shellPath = /bin/sh;
			shellScript = "diff \"${PODS_PODFILE_DIR_PATH}/Podfile.lock\" \"${PODS_ROOT}/Manifest.lock\" > /dev/null\nif [ $? != 0 ] ; then\n    # print error to STDERR\n    echo \"error: The sandbox is not in sync with the Podfile.lock. Run 'pod install' or update your CocoaPods installation.\" >&2\n    exit 1\nfi\n# This output is used by Xcode 'outputs' to avoid re-running this script phase.\necho \"SUCCESS\" > \"${SCRIPT_OUTPUT_FILE_0}\"\n";
			showEnvVarsInLog = 0;
		};
/* End PBXShellScriptBuildPhase section */

/* Begin PBXSourcesBuildPhase section */
		6671D4501F555E6100BE86BE /* Sources */ = {
			isa = PBXSourcesBuildPhase;
			buildActionMask = 2147483647;
			files = (
				665ED69F1F6D2FC6001DAE94 /* PersistenceHelper.swift in Sources */,
				66A74DD31F96649500B062D1 /* TestOutPageViewController.swift in Sources */,
				664848BD1F682ABB00F5BD7D /* CreatePhraseBookViewController.swift in Sources */,
				66F2AB1E1F8B895F0064AE29 /* UIColor+CustomColor.swift in Sources */,
				6671D47E1F580B3000BE86BE /* TranslationTableViewController.swift in Sources */,
				666EE0251F641ED400F8CE8D /* PhraseBook.swift in Sources */,
				6671D4841F5FD91B00BE86BE /* TableViewHelper.swift in Sources */,
				661A96141F73B5020044DE9B /* CloudManager.swift in Sources */,
				661C07341F6D7BF500D04CBD /* Utils.swift in Sources */,
				6671D47A1F56AB4400BE86BE /* TranslationTableViewCell.swift in Sources */,
				661C07361F6E786000D04CBD /* PhraseBookListViewController.swift in Sources */,
				66A74DD51F96662100B062D1 /* TestOutCardViewController.swift in Sources */,
				6671D4581F555E6100BE86BE /* AppDelegate.swift in Sources */,
				66B3EA091FC33156007C9BA0 /* SecretKeysHelper.swift in Sources */,
				661C07381F6E7D7400D04CBD /* PhraseBookTableViewCell.swift in Sources */,
				6671D4801F5983D800BE86BE /* Translation.swift in Sources */,
				6671D4821F5AB10600BE86BE /* TranslationViewController.swift in Sources */,
				66FCB8081F9FB39C00BEE2E5 /* Array+Random.swift in Sources */,
			);
			runOnlyForDeploymentPostprocessing = 0;
		};
		6671D4641F555E6200BE86BE /* Sources */ = {
			isa = PBXSourcesBuildPhase;
			buildActionMask = 2147483647;
			files = (
				6671D46D1F555E6200BE86BE /* MyPhraseBookTests.swift in Sources */,
			);
			runOnlyForDeploymentPostprocessing = 0;
		};
/* End PBXSourcesBuildPhase section */

/* Begin PBXTargetDependency section */
		6671D46A1F555E6200BE86BE /* PBXTargetDependency */ = {
			isa = PBXTargetDependency;
			target = 6671D4531F555E6100BE86BE /* MyPhraseBook */;
			targetProxy = 6671D4691F555E6200BE86BE /* PBXContainerItemProxy */;
		};
/* End PBXTargetDependency section */

/* Begin PBXVariantGroup section */
		6671D45B1F555E6100BE86BE /* Main.storyboard */ = {
			isa = PBXVariantGroup;
			children = (
				6671D45C1F555E6100BE86BE /* Base */,
				66F2AB261F8BAAD90064AE29 /* hu */,
				66BEB98B1FBC381800AD33E4 /* en */,
			);
			name = Main.storyboard;
			sourceTree = "<group>";
		};
		6671D4601F555E6100BE86BE /* LaunchScreen.storyboard */ = {
			isa = PBXVariantGroup;
			children = (
				6671D4611F555E6100BE86BE /* Base */,
				6671D4781F55771E00BE86BE /* hu */,
			);
			name = LaunchScreen.storyboard;
			sourceTree = "<group>";
		};
		66F2AB231F8BA0940064AE29 /* Localizable.strings */ = {
			isa = PBXVariantGroup;
			children = (
				66F2AB221F8BA0940064AE29 /* hu */,
				66F2AB241F8BA0FB0064AE29 /* Base */,
			);
			name = Localizable.strings;
			sourceTree = "<group>";
		};
/* End PBXVariantGroup section */

/* Begin XCBuildConfiguration section */
		6671D46F1F555E6200BE86BE /* Debug */ = {
			isa = XCBuildConfiguration;
			buildSettings = {
				ALWAYS_SEARCH_USER_PATHS = NO;
				CLANG_ANALYZER_LOCALIZABILITY_NONLOCALIZED = YES;
				CLANG_ANALYZER_NONNULL = YES;
				CLANG_ANALYZER_NUMBER_OBJECT_CONVERSION = YES_AGGRESSIVE;
				CLANG_CXX_LANGUAGE_STANDARD = "gnu++0x";
				CLANG_CXX_LIBRARY = "libc++";
				CLANG_ENABLE_MODULES = YES;
				CLANG_ENABLE_OBJC_ARC = YES;
				CLANG_WARN_BLOCK_CAPTURE_AUTORELEASING = YES;
				CLANG_WARN_BOOL_CONVERSION = YES;
				CLANG_WARN_COMMA = YES;
				CLANG_WARN_CONSTANT_CONVERSION = YES;
				CLANG_WARN_DIRECT_OBJC_ISA_USAGE = YES_ERROR;
				CLANG_WARN_DOCUMENTATION_COMMENTS = YES;
				CLANG_WARN_EMPTY_BODY = YES;
				CLANG_WARN_ENUM_CONVERSION = YES;
				CLANG_WARN_INFINITE_RECURSION = YES;
				CLANG_WARN_INT_CONVERSION = YES;
				CLANG_WARN_NON_LITERAL_NULL_CONVERSION = YES;
				CLANG_WARN_OBJC_LITERAL_CONVERSION = YES;
				CLANG_WARN_OBJC_ROOT_CLASS = YES_ERROR;
				CLANG_WARN_RANGE_LOOP_ANALYSIS = YES;
				CLANG_WARN_STRICT_PROTOTYPES = YES;
				CLANG_WARN_SUSPICIOUS_MOVE = YES;
				CLANG_WARN_UNREACHABLE_CODE = YES;
				CLANG_WARN__DUPLICATE_METHOD_MATCH = YES;
				"CODE_SIGN_IDENTITY[sdk=iphoneos*]" = "iPhone Developer";
				COPY_PHASE_STRIP = NO;
				DEBUG_INFORMATION_FORMAT = dwarf;
				ENABLE_STRICT_OBJC_MSGSEND = YES;
				ENABLE_TESTABILITY = YES;
				GCC_C_LANGUAGE_STANDARD = gnu99;
				GCC_DYNAMIC_NO_PIC = NO;
				GCC_NO_COMMON_BLOCKS = YES;
				GCC_OPTIMIZATION_LEVEL = 0;
				GCC_PREPROCESSOR_DEFINITIONS = (
					"DEBUG=1",
					"$(inherited)",
				);
				GCC_WARN_64_TO_32_BIT_CONVERSION = YES;
				GCC_WARN_ABOUT_RETURN_TYPE = YES_ERROR;
				GCC_WARN_UNDECLARED_SELECTOR = YES;
				GCC_WARN_UNINITIALIZED_AUTOS = YES_AGGRESSIVE;
				GCC_WARN_UNUSED_FUNCTION = YES;
				GCC_WARN_UNUSED_VARIABLE = YES;
				IPHONEOS_DEPLOYMENT_TARGET = 11.1;
				MTL_ENABLE_DEBUG_INFO = YES;
				ONLY_ACTIVE_ARCH = YES;
				SDKROOT = iphoneos;
				SWIFT_ACTIVE_COMPILATION_CONDITIONS = DEBUG;
				SWIFT_OPTIMIZATION_LEVEL = "-Onone";
				TARGETED_DEVICE_FAMILY = "1,2";
			};
			name = Debug;
		};
		6671D4701F555E6200BE86BE /* Release */ = {
			isa = XCBuildConfiguration;
			buildSettings = {
				ALWAYS_SEARCH_USER_PATHS = NO;
				CLANG_ANALYZER_LOCALIZABILITY_NONLOCALIZED = YES;
				CLANG_ANALYZER_NONNULL = YES;
				CLANG_ANALYZER_NUMBER_OBJECT_CONVERSION = YES_AGGRESSIVE;
				CLANG_CXX_LANGUAGE_STANDARD = "gnu++0x";
				CLANG_CXX_LIBRARY = "libc++";
				CLANG_ENABLE_MODULES = YES;
				CLANG_ENABLE_OBJC_ARC = YES;
				CLANG_WARN_BLOCK_CAPTURE_AUTORELEASING = YES;
				CLANG_WARN_BOOL_CONVERSION = YES;
				CLANG_WARN_COMMA = YES;
				CLANG_WARN_CONSTANT_CONVERSION = YES;
				CLANG_WARN_DIRECT_OBJC_ISA_USAGE = YES_ERROR;
				CLANG_WARN_DOCUMENTATION_COMMENTS = YES;
				CLANG_WARN_EMPTY_BODY = YES;
				CLANG_WARN_ENUM_CONVERSION = YES;
				CLANG_WARN_INFINITE_RECURSION = YES;
				CLANG_WARN_INT_CONVERSION = YES;
				CLANG_WARN_NON_LITERAL_NULL_CONVERSION = YES;
				CLANG_WARN_OBJC_LITERAL_CONVERSION = YES;
				CLANG_WARN_OBJC_ROOT_CLASS = YES_ERROR;
				CLANG_WARN_RANGE_LOOP_ANALYSIS = YES;
				CLANG_WARN_STRICT_PROTOTYPES = YES;
				CLANG_WARN_SUSPICIOUS_MOVE = YES;
				CLANG_WARN_UNREACHABLE_CODE = YES;
				CLANG_WARN__DUPLICATE_METHOD_MATCH = YES;
				"CODE_SIGN_IDENTITY[sdk=iphoneos*]" = "iPhone Developer";
				COPY_PHASE_STRIP = NO;
				DEBUG_INFORMATION_FORMAT = "dwarf-with-dsym";
				ENABLE_NS_ASSERTIONS = NO;
				ENABLE_STRICT_OBJC_MSGSEND = YES;
				GCC_C_LANGUAGE_STANDARD = gnu99;
				GCC_NO_COMMON_BLOCKS = YES;
				GCC_WARN_64_TO_32_BIT_CONVERSION = YES;
				GCC_WARN_ABOUT_RETURN_TYPE = YES_ERROR;
				GCC_WARN_UNDECLARED_SELECTOR = YES;
				GCC_WARN_UNINITIALIZED_AUTOS = YES_AGGRESSIVE;
				GCC_WARN_UNUSED_FUNCTION = YES;
				GCC_WARN_UNUSED_VARIABLE = YES;
				IPHONEOS_DEPLOYMENT_TARGET = 11.1;
				MTL_ENABLE_DEBUG_INFO = NO;
				SDKROOT = iphoneos;
				SWIFT_OPTIMIZATION_LEVEL = "-Owholemodule";
				TARGETED_DEVICE_FAMILY = "1,2";
				VALIDATE_PRODUCT = YES;
			};
			name = Release;
		};
		6671D4721F555E6200BE86BE /* Debug */ = {
			isa = XCBuildConfiguration;
			baseConfigurationReference = 24A3FCDD63754C4F7A772D9D /* Pods-MyPhraseBook.debug.xcconfig */;
			buildSettings = {
				ASSETCATALOG_COMPILER_APPICON_NAME = AppIcon;
				DEVELOPMENT_TEAM = GE78767PWY;
				INFOPLIST_FILE = MyPhraseBook/Info.plist;
				LD_RUNPATH_SEARCH_PATHS = "$(inherited) @executable_path/Frameworks";
				PRODUCT_BUNDLE_IDENTIFIER = com.adamkis.MyPhraseBook;
				PRODUCT_NAME = "$(TARGET_NAME)";
				SWIFT_SWIFT3_OBJC_INFERENCE = Default;
				SWIFT_VERSION = 4.0;
			};
			name = Debug;
		};
		6671D4731F555E6200BE86BE /* Release */ = {
			isa = XCBuildConfiguration;
			baseConfigurationReference = 8F1A1EFE243CB95A07AE542D /* Pods-MyPhraseBook.release.xcconfig */;
			buildSettings = {
				ASSETCATALOG_COMPILER_APPICON_NAME = AppIcon;
				DEVELOPMENT_TEAM = GE78767PWY;
				INFOPLIST_FILE = MyPhraseBook/Info.plist;
				LD_RUNPATH_SEARCH_PATHS = "$(inherited) @executable_path/Frameworks";
				PRODUCT_BUNDLE_IDENTIFIER = com.adamkis.MyPhraseBook;
				PRODUCT_NAME = "$(TARGET_NAME)";
				SWIFT_SWIFT3_OBJC_INFERENCE = Default;
				SWIFT_VERSION = 4.0;
			};
			name = Release;
		};
		6671D4751F555E6200BE86BE /* Debug */ = {
			isa = XCBuildConfiguration;
			baseConfigurationReference = 60E3F019FE79482897784583 /* Pods-MyPhraseBookTests.debug.xcconfig */;
			buildSettings = {
				ALWAYS_EMBED_SWIFT_STANDARD_LIBRARIES = YES;
				BUNDLE_LOADER = "$(TEST_HOST)";
				INFOPLIST_FILE = MyPhraseBookTests/Info.plist;
				LD_RUNPATH_SEARCH_PATHS = "$(inherited) @executable_path/Frameworks @loader_path/Frameworks";
				PRODUCT_BUNDLE_IDENTIFIER = com.adamkis.MyPhraseBookTests;
				PRODUCT_NAME = "$(TARGET_NAME)";
				SWIFT_SWIFT3_OBJC_INFERENCE = Default;
				SWIFT_VERSION = 4.0;
				TEST_HOST = "$(BUILT_PRODUCTS_DIR)/MyPhraseBook.app/MyPhraseBook";
			};
			name = Debug;
		};
		6671D4761F555E6200BE86BE /* Release */ = {
			isa = XCBuildConfiguration;
			baseConfigurationReference = 6E1DC2736587EF4B9BEB51FC /* Pods-MyPhraseBookTests.release.xcconfig */;
			buildSettings = {
				ALWAYS_EMBED_SWIFT_STANDARD_LIBRARIES = YES;
				BUNDLE_LOADER = "$(TEST_HOST)";
				INFOPLIST_FILE = MyPhraseBookTests/Info.plist;
				LD_RUNPATH_SEARCH_PATHS = "$(inherited) @executable_path/Frameworks @loader_path/Frameworks";
				PRODUCT_BUNDLE_IDENTIFIER = com.adamkis.MyPhraseBookTests;
				PRODUCT_NAME = "$(TARGET_NAME)";
				SWIFT_SWIFT3_OBJC_INFERENCE = Default;
				SWIFT_VERSION = 4.0;
				TEST_HOST = "$(BUILT_PRODUCTS_DIR)/MyPhraseBook.app/MyPhraseBook";
			};
			name = Release;
		};
/* End XCBuildConfiguration section */

/* Begin XCConfigurationList section */
		6671D44F1F555E6100BE86BE /* Build configuration list for PBXProject "MyPhraseBook" */ = {
			isa = XCConfigurationList;
			buildConfigurations = (
				6671D46F1F555E6200BE86BE /* Debug */,
				6671D4701F555E6200BE86BE /* Release */,
			);
			defaultConfigurationIsVisible = 0;
			defaultConfigurationName = Release;
		};
		6671D4711F555E6200BE86BE /* Build configuration list for PBXNativeTarget "MyPhraseBook" */ = {
			isa = XCConfigurationList;
			buildConfigurations = (
				6671D4721F555E6200BE86BE /* Debug */,
				6671D4731F555E6200BE86BE /* Release */,
			);
			defaultConfigurationIsVisible = 0;
			defaultConfigurationName = Release;
		};
		6671D4741F555E6200BE86BE /* Build configuration list for PBXNativeTarget "MyPhraseBookTests" */ = {
			isa = XCConfigurationList;
			buildConfigurations = (
				6671D4751F555E6200BE86BE /* Debug */,
				6671D4761F555E6200BE86BE /* Release */,
			);
			defaultConfigurationIsVisible = 0;
			defaultConfigurationName = Release;
		};
/* End XCConfigurationList section */
	};
	rootObject = 6671D44C1F555E6100BE86BE /* Project object */;
}
